Microsoft Visual Studio Solution File, Format Version 12.00
# Visual Studio Version 17
VisualStudioVersion = 17.0.31903.59
MinimumVisualStudioVersion = 10.0.40219.1
Project("{FAE04EC0-301F-11D3-BF4B-00C04F79EFBC}") = "WOJD.LocalizationStudio", "src\WOJD.LocalizationStudio\WOJD.LocalizationStudio.csproj", "{DF6FEC53-BB7B-4B05-85DE-0E4A6751A40D}"
EndProject
Project("{FAE04EC0-301F-11D3-BF4B-00C04F79EFBC}") = "WOJD.LocalizationStudio.Updater", "src\WOJD.LocalizationStudio.Updater\WOJD.LocalizationStudio.Updater.csproj", "{BC15AC39-2E36-45A9-96BE-4AF93B4CC5A4}"
EndProject
Global
	GlobalSection(SolutionConfigurationPlatforms) = preSolution
		Debug|Any CPU = Debug|Any CPU
		Release|Any CPU = Release|Any CPU
	EndGlobalSection
	GlobalSection(ProjectConfigurationPlatforms) = postSolution
		{DF6FEC53-BB7B-4B05-85DE-0E4A6751A40D}.Debug|Any CPU.ActiveCfg = Debug|Any CPU
		{DF6FEC53-BB7B-4B05-85DE-0E4A6751A40D}.Debug|Any CPU.Build.0 = Debug|Any CPU
		{DF6FEC53-BB7B-4B05-85DE-0E4A6751A40D}.Release|Any CPU.ActiveCfg = Release|Any CPU
		{DF6FEC53-BB7B-4B05-85DE-0E4A6751A40D}.Release|Any CPU.Build.0 = Release|Any CPU
		{BC15AC39-2E36-45A9-96BE-4AF93B4CC5A4}.Debug|Any CPU.ActiveCfg = Debug|Any CPU
		{BC15AC39-2E36-45A9-96BE-4AF93B4CC5A4}.Debug|Any CPU.Build.0 = Debug|Any CPU
		{BC15AC39-2E36-45A9-96BE-4AF93B4CC5A4}.Release|Any CPU.ActiveCfg = Release|Any CPU
		{BC15AC39-2E36-45A9-96BE-4AF93B4CC5A4}.Release|Any CPU.Build.0 = Release|Any CPU
	EndGlobalSection
EndGlobal
